
Microsoft Visual Studio Solution File, Format Version 12.00
# Visual Studio Version 17
VisualStudioVersion = 17.14.36811.4 d17.14
MinimumVisualStudioVersion = 10.0.40219.1
Project("{FAE04EC0-301F-11D3-BF4B-00C04F79EFBC}") = "NZWalks.API", "NZWalks.API\NZWalks.API.csproj", "{B716C06C-7E45-4F26-A4EA-B6F7AD519BFB}"
EndProject
Global
	GlobalSection(SolutionConfigurationPlatforms) = preSolution
		Debug|Any CPU = Debug|Any CPU
		Release|Any CPU = Release|Any CPU
	EndGlobalSection
	GlobalSection(ProjectConfigurationPlatforms) = postSolution
		{B716C06C-7E45-4F26-A4EA-B6F7AD519BFB}.Debug|Any CPU.ActiveCfg = Debug|Any CPU
		{B716C06C-7E45-4F26-A4EA-B6F7AD519BFB}.Debug|Any CPU.Build.0 = Debug|Any CPU
		{B716C06C-7E45-4F26-A4EA-B6F7AD519BFB}.Release|Any CPU.ActiveCfg = Release|Any CPU
		{B716C06C-7E45-4F26-A4EA-B6F7AD519BFB}.Release|Any CPU.Build.0 = Release|Any CPU
	EndGlobalSection
	GlobalSection(SolutionProperties) = preSolution
		HideSolutionNode = FALSE
	EndGlobalSection
	GlobalSection(ExtensibilityGlobals) = postSolution
		SolutionGuid = {14384510-0B23-4568-91B4-1CD195FDBBF4}
	EndGlobalSection
EndGlobal
